dependencies:
- name: common
  repository: https://charts.bitnami.com/bitnami
  version: 1.16.0
- name: postgresql
  repository: https://charts.bitnami.com/bitnami
  version: 11.1.26
digest: sha256:3af15764b50055a6895bda5d5a31c54fc681699970bb1a4842560375fb47d069
generated: "2022-07-11T22:03:50.574159298Z"
