dependencies:
- name: common
  repository: https://charts.bitnami.com/bitnami
  version: 1.13.1
- name: postgresql
  repository: https://charts.bitnami.com/bitnami
  version: 11.6.16
digest: sha256:4a0ad000582d39b33e1fa25f0986225ded60148e0a1c340bc840aa7cfa26fae1
generated: "2022-07-13T01:57:12.796890984Z"
